
Microsoft Visual Studio Solution File, Format Version 12.00
# Visual Studio Version 17
VisualStudioVersion = 17.7.34031.279
MinimumVisualStudioVersion = 10.0.40219.1
Project("{8BC9CEB8-8B4A-11D0-8D11-00A0C91BC942}") = "DevonRogersAlgoAssignment1", "DevonRogersAlgoAssignment1\DevonRogersAlgoAssignment1.vcxproj", "{1C826403-04C8-419F-8E36-8E6CA7C4F07D}"
EndProject
Global
	GlobalSection(SolutionConfigurationPlatforms) = preSolution
		Debug|x64 = Debug|x64
		Debug|x86 = Debug|x86
		Release|x64 = Release|x64
		Release|x86 = Release|x86
	EndGlobalSection
	GlobalSection(ProjectConfigurationPlatforms) = postSolution
		{1C826403-04C8-419F-8E36-8E6CA7C4F07D}.Debug|x64.ActiveCfg = Debug|x64
		{1C826403-04C8-419F-8E36-8E6CA7C4F07D}.Debug|x64.Build.0 = Debug|x64
		{1C826403-04C8-419F-8E36-8E6CA7C4F07D}.Debug|x86.ActiveCfg = Debug|Win32
		{1C826403-04C8-419F-8E36-8E6CA7C4F07D}.Debug|x86.Build.0 = Debug|Win32
		{1C826403-04C8-419F-8E36-8E6CA7C4F07D}.Release|x64.ActiveCfg = Release|x64
		{1C826403-04C8-419F-8E36-8E6CA7C4F07D}.Release|x64.Build.0 = Release|x64
		{1C826403-04C8-419F-8E36-8E6CA7C4F07D}.Release|x86.ActiveCfg = Release|Win32
		{1C826403-04C8-419F-8E36-8E6CA7C4F07D}.Release|x86.Build.0 = Release|Win32
	EndGlobalSection
	GlobalSection(SolutionProperties) = preSolution
		HideSolutionNode = FALSE
	EndGlobalSection
	GlobalSection(ExtensibilityGlobals) = postSolution
		SolutionGuid = {BC3F515A-2882-42A9-8412-3ACE99634700}
	EndGlobalSection
EndGlobal
